%{"ex2ms": {:hex, :ex2ms, "1.4.0", "e43b410888b45ba363ea6650db3736db3e455a0a412ec244ac633fede857bcb2", [:mix], []},
  "faker": {:hex, :faker, "0.7.0", "2c42deeac7be717173c78c77fb3edc749fb5d5e460e33d01fe592ae99acc2f0d", [:mix], []},
  "gproc": {:hex, :gproc, "0.6.1", "4579663e5677970758a05d8f65d13c3e9814ec707ad51d8dcef7294eda1a730c", [:rebar3], []}}
